// !$*UTF8*$!
{
	archiveVersion = 1;
	classes = {
	};
	objectVersion = 77;
	objects = {

/* Begin PBXBuildFile section */
		C4D5B0432E876F0400623EA4 /* FirebaseAI in Frameworks */ = {isa = PBXBuildFile; productRef = C4D5B0422E876F0400623EA4 /* FirebaseAI */; };
		C4D5B0452E876F0400623EA4 /* FirebaseAnalytics in Frameworks */ = {isa = PBXBuildFile; productRef = C4D5B0442E876F0400623EA4 /* FirebaseAnalytics */; };
		C4D5B0472E876F0400623EA4 /* FirebaseAnalyticsCore in Frameworks */ = {isa = PBXBuildFile; productRef = C4D5B0462E876F0400623EA4 /* FirebaseAnalyticsCore */; };
		C4D5B0492E876F0400623EA4 /* FirebaseAnalyticsIdentitySupport in Frameworks */ = {isa = PBXBuildFile; productRef = C4D5B0482E876F0400623EA4 /* FirebaseAnalyticsIdentitySupport */; };
		C4D5B04B2E876F0400623EA4 /* FirebaseAppCheck in Frameworks */ = {isa = PBXBuildFile; productRef = C4D5B04A2E876F0400623EA4 /* FirebaseAppCheck */; };
		C4D5B04D2E876F0400623EA4 /* FirebaseAppDistribution-Beta in Frameworks */ = {isa = PBXBuildFile; productRef = C4D5B04C2E876F0400623EA4 /* FirebaseAppDistribution-Beta */; };
		C4D5B04F2E876F0400623EA4 /* FirebaseAuth in Frameworks */ = {isa = PBXBuildFile; productRef = C4D5B04E2E876F0400623EA4 /* FirebaseAuth */; };
		C4D5B0512E876F0400623EA4 /* FirebaseAuthCombine-Community in Frameworks */ = {isa = PBXBuildFile; productRef = C4D5B0502E876F0400623EA4 /* FirebaseAuthCombine-Community */; };
		C4D5B0532E876F0400623EA4 /* FirebaseCore in Frameworks */ = {isa = PBXBuildFile; productRef = C4D5B0522E876F0400623EA4 /* FirebaseCore */; };
		C4D5B0552E876F0400623EA4 /* FirebaseCrashlytics in Frameworks */ = {isa = PBXBuildFile; productRef = C4D5B0542E876F0400623EA4 /* FirebaseCrashlytics */; };
		C4D5B0572E876F0400623EA4 /* FirebaseDatabase in Frameworks */ = {isa = PBXBuildFile; productRef = C4D5B0562E876F0400623EA4 /* FirebaseDatabase */; };
		C4D5B0592E876F0400623EA4 /* FirebaseFirestore in Frameworks */ = {isa = PBXBuildFile; productRef = C4D5B0582E876F0400623EA4 /* FirebaseFirestore */; };
		C4D5B05B2E876F0400623EA4 /* FirebaseFirestoreCombine-Community in Frameworks */ = {isa = PBXBuildFile; productRef = C4D5B05A2E876F0400623EA4 /* FirebaseFirestoreCombine-Community */; };
		C4D5B05D2E876F0400623EA4 /* FirebaseFunctions in Frameworks */ = {isa = PBXBuildFile; productRef = C4D5B05C2E876F0400623EA4 /* FirebaseFunctions */; };
		C4D5B05F2E876F0400623EA4 /* FirebaseFunctionsCombine-Community in Frameworks */ = {isa = PBXBuildFile; productRef = C4D5B05E2E876F0400623EA4 /* FirebaseFunctionsCombine-Community */; };
		C4D5B0612E876F0400623EA4 /* FirebaseInAppMessaging-Beta in Frameworks */ = {isa = PBXBuildFile; productRef = C4D5B0602E876F0400623EA4 /* FirebaseInAppMessaging-Beta */; };
		C4D5B0632E876F0400623EA4 /* FirebaseInstallations in Frameworks */ = {isa = PBXBuildFile; productRef = C4D5B0622E876F0400623EA4 /* FirebaseInstallations */; };
		C4D5B0652E876F0400623EA4 /* FirebaseMLModelDownloader in Frameworks */ = {isa = PBXBuildFile; productRef = C4D5B0642E876F0400623EA4 /* FirebaseMLModelDownloader */; };
		C4D5B0672E876F0400623EA4 /* FirebaseMessaging in Frameworks */ = {isa = PBXBuildFile; productRef = C4D5B0662E876F0400623EA4 /* FirebaseMessaging */; };
		C4D5B0692E876F0400623EA4 /* FirebasePerformance in Frameworks */ = {isa = PBXBuildFile; productRef = C4D5B0682E876F0400623EA4 /* FirebasePerformance */; };
		C4D5B06B2E876F0400623EA4 /* FirebaseRemoteConfig in Frameworks */ = {isa = PBXBuildFile; productRef = C4D5B06A2E876F0400623EA4 /* FirebaseRemoteConfig */; };
		C4D5B06D2E876F0400623EA4 /* FirebaseStorage in Frameworks */ = {isa = PBXBuildFile; productRef = C4D5B06C2E876F0400623EA4 /* FirebaseStorage */; };
		C4D5B06F2E876F0400623EA4 /* FirebaseStorageCombine-Community in Frameworks */ = {isa = PBXBuildFile; productRef = C4D5B06E2E876F0400623EA4 /* FirebaseStorageCombine-Community */; };
/* End PBXBuildFile section */

/* Begin PBXFileReference section */
		C4D5AFDA2E87693200623EA4 /* hackgt_productivity.app */ = {isa = PBXFileReference; explicitFileType = wrapper.application; includeInIndex = 0; path = hackgt_productivity.app; sourceTree = BUILT_PRODUCTS_DIR; };
/* End PBXFileReference section */

/* Begin PBXFileSystemSynchronizedRootGroup section */
		C4D5AFDC2E87693200623EA4 /* hackgt_productivity */ = {
			isa = PBXFileSystemSynchronizedRootGroup;
			path = hackgt_productivity;
			sourceTree = "<group>";
		};
/* End PBXFileSystemSynchronizedRootGroup section */

/* Begin PBXFrameworksBuildPhase section */
		C4D5AFD72E87693200623EA4 /* Frameworks */ = {
			isa = PBXFrameworksBuildPhase;
			buildActionMask = 2147483647;
			files = (
				C4D5B05B2E876F0400623EA4 /* FirebaseFirestoreCombine-Community in Frameworks */,
				C4D5B05D2E876F0400623EA4 /* FirebaseFunctions in Frameworks */,
				C4D5B0692E876F0400623EA4 /* FirebasePerformance in Frameworks */,
				C4D5B06F2E876F0400623EA4 /* FirebaseStorageCombine-Community in Frameworks */,
				C4D5B06B2E876F0400623EA4 /* FirebaseRemoteConfig in Frameworks */,
				C4D5B0492E876F0400623EA4 /* FirebaseAnalyticsIdentitySupport in Frameworks */,
				C4D5B0452E876F0400623EA4 /* FirebaseAnalytics in Frameworks */,
				C4D5B0472E876F0400623EA4 /* FirebaseAnalyticsCore in Frameworks */,
				C4D5B04B2E876F0400623EA4 /* FirebaseAppCheck in Frameworks */,
				C4D5B0432E876F0400623EA4 /* FirebaseAI in Frameworks */,
				C4D5B0592E876F0400623EA4 /* FirebaseFirestore in Frameworks */,
				C4D5B0672E876F0400623EA4 /* FirebaseMessaging in Frameworks */,
				C4D5B0632E876F0400623EA4 /* FirebaseInstallations in Frameworks */,
				C4D5B05F2E876F0400623EA4 /* FirebaseFunctionsCombine-Community in Frameworks */,
				C4D5B04F2E876F0400623EA4 /* FirebaseAuth in Frameworks */,
				C4D5B04D2E876F0400623EA4 /* FirebaseAppDistribution-Beta in Frameworks */,
				C4D5B0612E876F0400623EA4 /* FirebaseInAppMessaging-Beta in Frameworks */,
				C4D5B0552E876F0400623EA4 /* FirebaseCrashlytics in Frameworks */,
				C4D5B0572E876F0400623EA4 /* FirebaseDatabase in Frameworks */,
				C4D5B0652E876F0400623EA4 /* FirebaseMLModelDownloader in Frameworks */,
				C4D5B06D2E876F0400623EA4 /* FirebaseStorage in Frameworks */,
				C4D5B0532E876F0400623EA4 /* FirebaseCore in Frameworks */,
				C4D5B0512E876F0400623EA4 /* FirebaseAuthCombine-Community in Frameworks */,
			);
			runOnlyForDeploymentPostprocessing = 0;
		};
/* End PBXFrameworksBuildPhase section */

/* Begin PBXGroup section */
		C4D5AFD12E87693200623EA4 = {
			isa = PBXGroup;
			children = (
				C4D5AFDC2E87693200623EA4 /* hackgt_productivity */,
				C4D5AFDB2E87693200623EA4 /* Products */,
			);
			sourceTree = "<group>";
		};
		C4D5AFDB2E87693200623EA4 /* Products */ = {
			isa = PBXGroup;
			children = (
				C4D5AFDA2E87693200623EA4 /* hackgt_productivity.app */,
			);
			name = Products;
			sourceTree = "<group>";
		};
/* End PBXGroup section */

/* Begin PBXNativeTarget section */
		C4D5AFD92E87693200623EA4 /* hackgt_productivity */ = {
			isa = PBXNativeTarget;
			buildConfigurationList = C4D5AFE52E87693300623EA4 /* Build configuration list for PBXNativeTarget "hackgt_productivity" */;
			buildPhases = (
				C4D5AFD62E87693200623EA4 /* Sources */,
				C4D5AFD72E87693200623EA4 /* Frameworks */,
				C4D5AFD82E87693200623EA4 /* Resources */,
			);
			buildRules = (
			);
			dependencies = (
			);
			fileSystemSynchronizedGroups = (
				C4D5AFDC2E87693200623EA4 /* hackgt_productivity */,
			);
			name = hackgt_productivity;
			packageProductDependencies = (
				C4D5B0422E876F0400623EA4 /* FirebaseAI */,
				C4D5B0442E876F0400623EA4 /* FirebaseAnalytics */,
				C4D5B0462E876F0400623EA4 /* FirebaseAnalyticsCore */,
				C4D5B0482E876F0400623EA4 /* FirebaseAnalyticsIdentitySupport */,
				C4D5B04A2E876F0400623EA4 /* FirebaseAppCheck */,
				C4D5B04C2E876F0400623EA4 /* FirebaseAppDistribution-Beta */,
				C4D5B04E2E876F0400623EA4 /* FirebaseAuth */,
				C4D5B0502E876F0400623EA4 /* FirebaseAuthCombine-Community */,
				C4D5B0522E876F0400623EA4 /* FirebaseCore */,
				C4D5B0542E876F0400623EA4 /* FirebaseCrashlytics */,
				C4D5B0562E876F0400623EA4 /* FirebaseDatabase */,
				C4D5B0582E876F0400623EA4 /* FirebaseFirestore */,
				C4D5B05A2E876F0400623EA4 /* FirebaseFirestoreCombine-Community */,
				C4D5B05C2E876F0400623EA4 /* FirebaseFunctions */,
				C4D5B05E2E876F0400623EA4 /* FirebaseFunctionsCombine-Community */,
				C4D5B0602E876F0400623EA4 /* FirebaseInAppMessaging-Beta */,
				C4D5B0622E876F0400623EA4 /* FirebaseInstallations */,
				C4D5B0642E876F0400623EA4 /* FirebaseMLModelDownloader */,
				C4D5B0662E876F0400623EA4 /* FirebaseMessaging */,
				C4D5B0682E876F0400623EA4 /* FirebasePerformance */,
				C4D5B06A2E876F0400623EA4 /* FirebaseRemoteConfig */,
				C4D5B06C2E876F0400623EA4 /* FirebaseStorage */,
				C4D5B06E2E876F0400623EA4 /* FirebaseStorageCombine-Community */,
			);
			productName = hackgt_productivity;
			productReference = C4D5AFDA2E87693200623EA4 /* hackgt_productivity.app */;
			productType = "com.apple.product-type.application";
		};
/* End PBXNativeTarget section */

/* Begin PBXProject section */
		C4D5AFD22E87693200623EA4 /* Project object */ = {
			isa = PBXProject;
			attributes = {
				BuildIndependentTargetsInParallel = 1;
				LastSwiftUpdateCheck = 1640;
				LastUpgradeCheck = 1640;
				TargetAttributes = {
					C4D5AFD92E87693200623EA4 = {
						CreatedOnToolsVersion = 16.4;
					};
				};
			};
			buildConfigurationList = C4D5AFD52E87693200623EA4 /* Build configuration list for PBXProject "hackgt_productivity" */;
			developmentRegion = en;
			hasScannedForEncodings = 0;
			knownRegions = (
				en,
				Base,
			);
			mainGroup = C4D5AFD12E87693200623EA4;
			minimizedProjectReferenceProxies = 1;
			packageReferences = (
				C4D5B0412E876F0400623EA4 /* XCRemoteSwiftPackageReference "firebase-ios-sdk" */,
			);
			preferredProjectObjectVersion = 77;
			productRefGroup = C4D5AFDB2E87693200623EA4 /* Products */;
			projectDirPath = "";
			projectRoot = "";
			targets = (
				C4D5AFD92E87693200623EA4 /* hackgt_productivity */,
			);
		};
/* End PBXProject section */

/* Begin PBXResourcesBuildPhase section */
		C4D5AFD82E87693200623EA4 /* Resources */ = {
			isa = PBXResourcesBuildPhase;
			buildActionMask = 2147483647;
			files = (
			);
			runOnlyForDeploymentPostprocessing = 0;
		};
/* End PBXResourcesBuildPhase section */

/* Begin PBXSourcesBuildPhase section */
		C4D5AFD62E87693200623EA4 /* Sources */ = {
			isa = PBXSourcesBuildPhase;
			buildActionMask = 2147483647;
			files = (
			);
			runOnlyForDeploymentPostprocessing = 0;
		};
/* End PBXSourcesBuildPhase section */

/* Begin XCBuildConfiguration section */
		C4D5AFE32E87693300623EA4 /* Debug */ = {
			isa = XCBuildConfiguration;
			buildSettings = {
				ALWAYS_SEARCH_USER_PATHS = NO;
				ASSETCATALOG_COMPILER_GENERATE_SWIFT_ASSET_SYMBOL_EXTENSIONS = YES;
				CLANG_ANALYZER_NONNULL = YES;
				CLANG_ANALYZER_NUMBER_OBJECT_CONVERSION = YES_AGGRESSIVE;
				CLANG_CXX_LANGUAGE_STANDARD = "gnu++20";
				CLANG_ENABLE_MODULES = YES;
				CLANG_ENABLE_OBJC_ARC = YES;
				CLANG_ENABLE_OBJC_WEAK = YES;
				CLANG_WARN_BLOCK_CAPTURE_AUTORELEASING = YES;
				CLANG_WARN_BOOL_CONVERSION = YES;
				CLANG_WARN_COMMA = YES;
				CLANG_WARN_CONSTANT_CONVERSION = YES;
				CLANG_WARN_DEPRECATED_OBJC_IMPLEMENTATIONS = YES;
				CLANG_WARN_DIRECT_OBJC_ISA_USAGE = YES_ERROR;
				CLANG_WARN_DOCUMENTATION_COMMENTS = YES;
				CLANG_WARN_EMPTY_BODY = YES;
				CLANG_WARN_ENUM_CONVERSION = YES;
				CLANG_WARN_INFINITE_RECURSION = YES;
				CLANG_WARN_INT_CONVERSION = YES;
				CLANG_WARN_NON_LITERAL_NULL_CONVERSION = YES;
				CLANG_WARN_OBJC_IMPLICIT_RETAIN_SELF = YES;
				CLANG_WARN_OBJC_LITERAL_CONVERSION = YES;
				CLANG_WARN_OBJC_ROOT_CLASS = YES_ERROR;
				CLANG_WARN_QUOTED_INCLUDE_IN_FRAMEWORK_HEADER = YES;
				CLANG_WARN_RANGE_LOOP_ANALYSIS = YES;
				CLANG_WARN_STRICT_PROTOTYPES = YES;
				CLANG_WARN_SUSPICIOUS_MOVE = YES;
				CLANG_WARN_UNGUARDED_AVAILABILITY = YES_AGGRESSIVE;
				CLANG_WARN_UNREACHABLE_CODE = YES;
				CLANG_WARN__DUPLICATE_METHOD_MATCH = YES;
				COPY_PHASE_STRIP = NO;
				DEBUG_INFORMATION_FORMAT = dwarf;
				DEVELOPMENT_TEAM = HMXLB27M49;
				ENABLE_STRICT_OBJC_MSGSEND = YES;
				ENABLE_TESTABILITY = YES;
				ENABLE_USER_SCRIPT_SANDBOXING = YES;
				GCC_C_LANGUAGE_STANDARD = gnu17;
				GCC_DYNAMIC_NO_PIC = NO;
				GCC_NO_COMMON_BLOCKS = YES;
				GCC_OPTIMIZATION_LEVEL = 0;
				GCC_PREPROCESSOR_DEFINITIONS = (
					"DEBUG=1",
					"$(inherited)",
				);
				GCC_WARN_64_TO_32_BIT_CONVERSION = YES;
				GCC_WARN_ABOUT_RETURN_TYPE = YES_ERROR;
				GCC_WARN_UNDECLARED_SELECTOR = YES;
				GCC_WARN_UNINITIALIZED_AUTOS = YES_AGGRESSIVE;
				GCC_WARN_UNUSED_FUNCTION = YES;
				GCC_WARN_UNUSED_VARIABLE = YES;
				IPHONEOS_DEPLOYMENT_TARGET = 18.5;
				LOCALIZATION_PREFERS_STRING_CATALOGS = YES;
				MTL_ENABLE_DEBUG_INFO = INCLUDE_SOURCE;
				MTL_FAST_MATH = YES;
				ONLY_ACTIVE_ARCH = YES;
				SDKROOT = iphoneos;
				SWIFT_ACTIVE_COMPILATION_CONDITIONS = "DEBUG $(inherited)";
				SWIFT_OPTIMIZATION_LEVEL = "-Onone";
			};
			name = Debug;
		};
		C4D5AFE42E87693300623EA4 /* Release */ = {
			isa = XCBuildConfiguration;
			buildSettings = {
				ALWAYS_SEARCH_USER_PATHS = NO;
				ASSETCATALOG_COMPILER_GENERATE_SWIFT_ASSET_SYMBOL_EXTENSIONS = YES;
				CLANG_ANALYZER_NONNULL = YES;
				CLANG_ANALYZER_NUMBER_OBJECT_CONVERSION = YES_AGGRESSIVE;
				CLANG_CXX_LANGUAGE_STANDARD = "gnu++20";
				CLANG_ENABLE_MODULES = YES;
				CLANG_ENABLE_OBJC_ARC = YES;
				CLANG_ENABLE_OBJC_WEAK = YES;
				CLANG_WARN_BLOCK_CAPTURE_AUTORELEASING = YES;
				CLANG_WARN_BOOL_CONVERSION = YES;
				CLANG_WARN_COMMA = YES;
				CLANG_WARN_CONSTANT_CONVERSION = YES;
				CLANG_WARN_DEPRECATED_OBJC_IMPLEMENTATIONS = YES;
				CLANG_WARN_DIRECT_OBJC_ISA_USAGE = YES_ERROR;
				CLANG_WARN_DOCUMENTATION_COMMENTS = YES;
				CLANG_WARN_EMPTY_BODY = YES;
				CLANG_WARN_ENUM_CONVERSION = YES;
				CLANG_WARN_INFINITE_RECURSION = YES;
				CLANG_WARN_INT_CONVERSION = YES;
				CLANG_WARN_NON_LITERAL_NULL_CONVERSION = YES;
				CLANG_WARN_OBJC_IMPLICIT_RETAIN_SELF = YES;
				CLANG_WARN_OBJC_LITERAL_CONVERSION = YES;
				CLANG_WARN_OBJC_ROOT_CLASS = YES_ERROR;
				CLANG_WARN_QUOTED_INCLUDE_IN_FRAMEWORK_HEADER = YES;
				CLANG_WARN_RANGE_LOOP_ANALYSIS = YES;
				CLANG_WARN_STRICT_PROTOTYPES = YES;
				CLANG_WARN_SUSPICIOUS_MOVE = YES;
				CLANG_WARN_UNGUARDED_AVAILABILITY = YES_AGGRESSIVE;
				CLANG_WARN_UNREACHABLE_CODE = YES;
				CLANG_WARN__DUPLICATE_METHOD_MATCH = YES;
				COPY_PHASE_STRIP = NO;
				DEBUG_INFORMATION_FORMAT = "dwarf-with-dsym";
				DEVELOPMENT_TEAM = HMXLB27M49;
				ENABLE_NS_ASSERTIONS = NO;
				ENABLE_STRICT_OBJC_MSGSEND = YES;
				ENABLE_USER_SCRIPT_SANDBOXING = YES;
				GCC_C_LANGUAGE_STANDARD = gnu17;
				GCC_NO_COMMON_BLOCKS = YES;
				GCC_WARN_64_TO_32_BIT_CONVERSION = YES;
				GCC_WARN_ABOUT_RETURN_TYPE = YES_ERROR;
				GCC_WARN_UNDECLARED_SELECTOR = YES;
				GCC_WARN_UNINITIALIZED_AUTOS = YES_AGGRESSIVE;
				GCC_WARN_UNUSED_FUNCTION = YES;
				GCC_WARN_UNUSED_VARIABLE = YES;
				IPHONEOS_DEPLOYMENT_TARGET = 18.5;
				LOCALIZATION_PREFERS_STRING_CATALOGS = YES;
				MTL_ENABLE_DEBUG_INFO = NO;
				MTL_FAST_MATH = YES;
				SDKROOT = iphoneos;
				SWIFT_COMPILATION_MODE = wholemodule;
				VALIDATE_PRODUCT = YES;
			};
			name = Release;
		};
		C4D5AFE62E87693300623EA4 /* Debug */ = {
			isa = XCBuildConfiguration;
			buildSettings = {
				ASSETCATALOG_COMPILER_APPICON_NAME = AppIcon;
				ASSETCATALOG_COMPILER_GLOBAL_ACCENT_COLOR_NAME = AccentColor;
				CODE_SIGN_STYLE = Automatic;
				CURRENT_PROJECT_VERSION = 1;
				DEVELOPMENT_TEAM = Q2GMT846A2;
				ENABLE_PREVIEWS = YES;
				GENERATE_INFOPLIST_FILE = YES;
				INFOPLIST_KEY_UIApplicationSceneManifest_Generation = YES;
				INFOPLIST_KEY_UIApplicationSupportsIndirectInputEvents = YES;
				INFOPLIST_KEY_UILaunchScreen_Generation = YES;
				INFOPLIST_KEY_UISupportedInterfaceOrientations_iPad = "UIInterfaceOrientationPortrait UIInterfaceOrientationPortraitUpsideDown UIInterfaceOrientationLandscapeLeft UIInterfaceOrientationLandscapeRight";
				INFOPLIST_KEY_UISupportedInterfaceOrientations_iPhone = "UIInterfaceOrientationPortrait UIInterfaceOrientationLandscapeLeft UIInterfaceOrientationLandscapeRight";
				LD_RUNPATH_SEARCH_PATHS = (
					"$(inherited)",
					"@executable_path/Frameworks",
				);
				MARKETING_VERSION = 1.0;
				PRODUCT_BUNDLE_IDENTIFIER = hacksmart;
				PRODUCT_NAME = "$(TARGET_NAME)";
				SWIFT_EMIT_LOC_STRINGS = YES;
				SWIFT_VERSION = 5.0;
				TARGETED_DEVICE_FAMILY = "1,2";
			};
			name = Debug;
		};
		C4D5AFE72E87693300623EA4 /* Release */ = {
			isa = XCBuildConfiguration;
			buildSettings = {
				ASSETCATALOG_COMPILER_APPICON_NAME = AppIcon;
				ASSETCATALOG_COMPILER_GLOBAL_ACCENT_COLOR_NAME = AccentColor;
				CODE_SIGN_STYLE = Automatic;
				CURRENT_PROJECT_VERSION = 1;
				DEVELOPMENT_TEAM = Q2GMT846A2;
				ENABLE_PREVIEWS = YES;
				GENERATE_INFOPLIST_FILE = YES;
				INFOPLIST_KEY_UIApplicationSceneManifest_Generation = YES;
				INFOPLIST_KEY_UIApplicationSupportsIndirectInputEvents = YES;
				INFOPLIST_KEY_UILaunchScreen_Generation = YES;
				INFOPLIST_KEY_UISupportedInterfaceOrientations_iPad = "UIInterfaceOrientationPortrait UIInterfaceOrientationPortraitUpsideDown UIInterfaceOrientationLandscapeLeft UIInterfaceOrientationLandscapeRight";
				INFOPLIST_KEY_UISupportedInterfaceOrientations_iPhone = "UIInterfaceOrientationPortrait UIInterfaceOrientationLandscapeLeft UIInterfaceOrientationLandscapeRight";
				LD_RUNPATH_SEARCH_PATHS = (
					"$(inherited)",
					"@executable_path/Frameworks",
				);
				MARKETING_VERSION = 1.0;
				PRODUCT_BUNDLE_IDENTIFIER = hacksmart;
				PRODUCT_NAME = "$(TARGET_NAME)";
				SWIFT_EMIT_LOC_STRINGS = YES;
				SWIFT_VERSION = 5.0;
				TARGETED_DEVICE_FAMILY = "1,2";
			};
			name = Release;
		};
/* End XCBuildConfiguration section */

/* Begin XCConfigurationList section */
		C4D5AFD52E87693200623EA4 /* Build configuration list for PBXProject "hackgt_productivity" */ = {
			isa = XCConfigurationList;
			buildConfigurations = (
				C4D5AFE32E87693300623EA4 /* Debug */,
				C4D5AFE42E87693300623EA4 /* Release */,
			);
			defaultConfigurationIsVisible = 0;
			defaultConfigurationName = Release;
		};
		C4D5AFE52E87693300623EA4 /* Build configuration list for PBXNativeTarget "hackgt_productivity" */ = {
			isa = XCConfigurationList;
			buildConfigurations = (
				C4D5AFE62E87693300623EA4 /* Debug */,
				C4D5AFE72E87693300623EA4 /* Release */,
			);
			defaultConfigurationIsVisible = 0;
			defaultConfigurationName = Release;
		};
/* End XCConfigurationList section */

/* Begin XCRemoteSwiftPackageReference section */
		C4D5B0412E876F0400623EA4 /* XCRemoteSwiftPackageReference "firebase-ios-sdk" */ = {
			isa = XCRemoteSwiftPackageReference;
			repositoryURL = "https://github.com/firebase/firebase-ios-sdk";
			requirement = {
				kind = upToNextMajorVersion;
				minimumVersion = 12.3.0;
			};
		};
/* End XCRemoteSwiftPackageReference section */

/* Begin XCSwiftPackageProductDependency section */
		C4D5B0422E876F0400623EA4 /* FirebaseAI */ = {
			isa = XCSwiftPackageProductDependency;
			package = C4D5B0412E876F0400623EA4 /* XCRemoteSwiftPackageReference "firebase-ios-sdk" */;
			productName = FirebaseAI;
		};
		C4D5B0442E876F0400623EA4 /* FirebaseAnalytics */ = {
			isa = XCSwiftPackageProductDependency;
			package = C4D5B0412E876F0400623EA4 /* XCRemoteSwiftPackageReference "firebase-ios-sdk" */;
			productName = FirebaseAnalytics;
		};
		C4D5B0462E876F0400623EA4 /* FirebaseAnalyticsCore */ = {
			isa = XCSwiftPackageProductDependency;
			package = C4D5B0412E876F0400623EA4 /* XCRemoteSwiftPackageReference "firebase-ios-sdk" */;
			productName = FirebaseAnalyticsCore;
		};
		C4D5B0482E876F0400623EA4 /* FirebaseAnalyticsIdentitySupport */ = {
			isa = XCSwiftPackageProductDependency;
			package = C4D5B0412E876F0400623EA4 /* XCRemoteSwiftPackageReference "firebase-ios-sdk" */;
			productName = FirebaseAnalyticsIdentitySupport;
		};
		C4D5B04A2E876F0400623EA4 /* FirebaseAppCheck */ = {
			isa = XCSwiftPackageProductDependency;
			package = C4D5B0412E876F0400623EA4 /* XCRemoteSwiftPackageReference "firebase-ios-sdk" */;
			productName = FirebaseAppCheck;
		};
		C4D5B04C2E876F0400623EA4 /* FirebaseAppDistribution-Beta */ = {
			isa = XCSwiftPackageProductDependency;
			package = C4D5B0412E876F0400623EA4 /* XCRemoteSwiftPackageReference "firebase-ios-sdk" */;
			productName = "FirebaseAppDistribution-Beta";
		};
		C4D5B04E2E876F0400623EA4 /* FirebaseAuth */ = {
			isa = XCSwiftPackageProductDependency;
			package = C4D5B0412E876F0400623EA4 /* XCRemoteSwiftPackageReference "firebase-ios-sdk" */;
			productName = FirebaseAuth;
		};
		C4D5B0502E876F0400623EA4 /* FirebaseAuthCombine-Community */ = {
			isa = XCSwiftPackageProductDependency;
			package = C4D5B0412E876F0400623EA4 /* XCRemoteSwiftPackageReference "firebase-ios-sdk" */;
			productName = "FirebaseAuthCombine-Community";
		};
		C4D5B0522E876F0400623EA4 /* FirebaseCore */ = {
			isa = XCSwiftPackageProductDependency;
			package = C4D5B0412E876F0400623EA4 /* XCRemoteSwiftPackageReference "firebase-ios-sdk" */;
			productName = FirebaseCore;
		};
		C4D5B0542E876F0400623EA4 /* FirebaseCrashlytics */ = {
			isa = XCSwiftPackageProductDependency;
			package = C4D5B0412E876F0400623EA4 /* XCRemoteSwiftPackageReference "firebase-ios-sdk" */;
			productName = FirebaseCrashlytics;
		};
		C4D5B0562E876F0400623EA4 /* FirebaseDatabase */ = {
			isa = XCSwiftPackageProductDependency;
			package = C4D5B0412E876F0400623EA4 /* XCRemoteSwiftPackageReference "firebase-ios-sdk" */;
			productName = FirebaseDatabase;
		};
		C4D5B0582E876F0400623EA4 /* FirebaseFirestore */ = {
			isa = XCSwiftPackageProductDependency;
			package = C4D5B0412E876F0400623EA4 /* XCRemoteSwiftPackageReference "firebase-ios-sdk" */;
			productName = FirebaseFirestore;
		};
		C4D5B05A2E876F0400623EA4 /* FirebaseFirestoreCombine-Community */ = {
			isa = XCSwiftPackageProductDependency;
			package = C4D5B0412E876F0400623EA4 /* XCRemoteSwiftPackageReference "firebase-ios-sdk" */;
			productName = "FirebaseFirestoreCombine-Community";
		};
		C4D5B05C2E876F0400623EA4 /* FirebaseFunctions */ = {
			isa = XCSwiftPackageProductDependency;
			package = C4D5B0412E876F0400623EA4 /* XCRemoteSwiftPackageReference "firebase-ios-sdk" */;
			productName = FirebaseFunctions;
		};
		C4D5B05E2E876F0400623EA4 /* FirebaseFunctionsCombine-Community */ = {
			isa = XCSwiftPackageProductDependency;
			package = C4D5B0412E876F0400623EA4 /* XCRemoteSwiftPackageReference "firebase-ios-sdk" */;
			productName = "FirebaseFunctionsCombine-Community";
		};
		C4D5B0602E876F0400623EA4 /* FirebaseInAppMessaging-Beta */ = {
			isa = XCSwiftPackageProductDependency;
			package = C4D5B0412E876F0400623EA4 /* XCRemoteSwiftPackageReference "firebase-ios-sdk" */;
			productName = "FirebaseInAppMessaging-Beta";
		};
		C4D5B0622E876F0400623EA4 /* FirebaseInstallations */ = {
			isa = XCSwiftPackageProductDependency;
			package = C4D5B0412E876F0400623EA4 /* XCRemoteSwiftPackageReference "firebase-ios-sdk" */;
			productName = FirebaseInstallations;
		};
		C4D5B0642E876F0400623EA4 /* FirebaseMLModelDownloader */ = {
			isa = XCSwiftPackageProductDependency;
			package = C4D5B0412E876F0400623EA4 /* XCRemoteSwiftPackageReference "firebase-ios-sdk" */;
			productName = FirebaseMLModelDownloader;
		};
		C4D5B0662E876F0400623EA4 /* FirebaseMessaging */ = {
			isa = XCSwiftPackageProductDependency;
			package = C4D5B0412E876F0400623EA4 /* XCRemoteSwiftPackageReference "firebase-ios-sdk" */;
			productName = FirebaseMessaging;
		};
		C4D5B0682E876F0400623EA4 /* FirebasePerformance */ = {
			isa = XCSwiftPackageProductDependency;
			package = C4D5B0412E876F0400623EA4 /* XCRemoteSwiftPackageReference "firebase-ios-sdk" */;
			productName = FirebasePerformance;
		};
		C4D5B06A2E876F0400623EA4 /* FirebaseRemoteConfig */ = {
			isa = XCSwiftPackageProductDependency;
			package = C4D5B0412E876F0400623EA4 /* XCRemoteSwiftPackageReference "firebase-ios-sdk" */;
			productName = FirebaseRemoteConfig;
		};
		C4D5B06C2E876F0400623EA4 /* FirebaseStorage */ = {
			isa = XCSwiftPackageProductDependency;
			package = C4D5B0412E876F0400623EA4 /* XCRemoteSwiftPackageReference "firebase-ios-sdk" */;
			productName = FirebaseStorage;
		};
		C4D5B06E2E876F0400623EA4 /* FirebaseStorageCombine-Community */ = {
			isa = XCSwiftPackageProductDependency;
			package = C4D5B0412E876F0400623EA4 /* XCRemoteSwiftPackageReference "firebase-ios-sdk" */;
			productName = "FirebaseStorageCombine-Community";
		};
/* End XCSwiftPackageProductDependency section */
	};
	rootObject = C4D5AFD22E87693200623EA4 /* Project object */;
}
